// !$*UTF8*$!
{
	archiveVersion = 1;
	classes = {
	};
	objectVersion = 56;
	objects = {

/* Begin PBXBuildFile section */
		120446B829E4865D00253216 /* quickWindow.swift in Sources */ = {isa = PBXBuildFile; fileRef = 120446B729E4865D00253216 /* quickWindow.swift */; };
		12870EB62A249FD00049B804 /* LicenseManager.swift in Sources */ = {isa = PBXBuildFile; fileRef = 12870EB52A249FD00049B804 /* LicenseManager.swift */; };
		4700D4392992737F00A5D8D8 /* utils.swift in Sources */ = {isa = PBXBuildFile; fileRef = 4700D4382992737F00A5D8D8 /* utils.swift */; };
		470C5764295F062E00B0DC3E /* windyApp.swift in Sources */ = {isa = PBXBuildFile; fileRef = 470C5763295F062E00B0DC3E /* windyApp.swift */; };
		470C5768295F062F00B0DC3E /* Assets.xcassets in Resources */ = {isa = PBXBuildFile; fileRef = 470C5767295F062F00B0DC3E /* Assets.xcassets */; };
		470C576B295F062F00B0DC3E /* Preview Assets.xcassets in Resources */ = {isa = PBXBuildFile; fileRef = 470C576A295F062F00B0DC3E /* Preview Assets.xcassets */; };
		470C577B295F062F00B0DC3E /* windyTests.swift in Sources */ = {isa = PBXBuildFile; fileRef = 470C577A295F062F00B0DC3E /* windyTests.swift */; };
		470C5785295F062F00B0DC3E /* windyUITests.swift in Sources */ = {isa = PBXBuildFile; fileRef = 470C5784295F062F00B0DC3E /* windyUITests.swift */; };
		470C5787295F062F00B0DC3E /* windyUITestsLaunchTests.swift in Sources */ = {isa = PBXBuildFile; fileRef = 470C5786295F062F00B0DC3E /* windyUITestsLaunchTests.swift */; };
		470C57B229642E6100B0DC3E /* windyWindow.swift in Sources */ = {isa = PBXBuildFile; fileRef = 470C57B129642E6100B0DC3E /* windyWindow.swift */; };
		47165E2E298416C900BCB775 /* windyData.swift in Sources */ = {isa = PBXBuildFile; fileRef = 47165E2D298416C900BCB775 /* windyData.swift */; };
		4732C0BA297DAFA700DB1C5B /* snapWindow.swift in Sources */ = {isa = PBXBuildFile; fileRef = 4732C0B9297DAFA700DB1C5B /* snapWindow.swift */; };
		473F1E8E29BCA05D000B678B /* LaunchAtLogin in Frameworks */ = {isa = PBXBuildFile; productRef = 473F1E8D29BCA05D000B678B /* LaunchAtLogin */; };
		47458FF72982FD60005B024B /* gridManager.swift in Sources */ = {isa = PBXBuildFile; fileRef = 47458FF62982FD60005B024B /* gridManager.swift */; };
		4745BC1729B8988900FFBCD0 /* KeyboardShortcuts in Frameworks */ = {isa = PBXBuildFile; productRef = 4745BC1629B8988900FFBCD0 /* KeyboardShortcuts */; };
		4745BC1929B898A800FFBCD0 /* KeyboardShortcutsConstants.swift in Sources */ = {isa = PBXBuildFile; fileRef = 4745BC1829B898A800FFBCD0 /* KeyboardShortcutsConstants.swift */; };
		475590D1296C6EF200E385F5 /* windyManager.swift in Sources */ = {isa = PBXBuildFile; fileRef = 475590D0296C6EF200E385F5 /* windyManager.swift */; };
		475590D3296C6F8300E385F5 /* privilegeManager.swift in Sources */ = {isa = PBXBuildFile; fileRef = 475590D2296C6F8300E385F5 /* privilegeManager.swift */; };
		47DEEBD6297456D300123E66 /* MenuPopover.swift in Sources */ = {isa = PBXBuildFile; fileRef = 47DEEBD5297456D300123E66 /* MenuPopover.swift */; };
/* End PBXBuildFile section */

/* Begin PBXContainerItemProxy section */
		470C5777295F062F00B0DC3E /* PBXContainerItemProxy */ = {
			isa = PBXContainerItemProxy;
			containerPortal = 470C5758295F062E00B0DC3E /* Project object */;
			proxyType = 1;
			remoteGlobalIDString = 470C575F295F062E00B0DC3E;
			remoteInfo = windy;
		};
		470C5781295F062F00B0DC3E /* PBXContainerItemProxy */ = {
			isa = PBXContainerItemProxy;
			containerPortal = 470C5758295F062E00B0DC3E /* Project object */;
			proxyType = 1;
			remoteGlobalIDString = 470C575F295F062E00B0DC3E;
			remoteInfo = windy;
		};
/* End PBXContainerItemProxy section */

/* Begin PBXFileReference section */
		120446B729E4865D00253216 /* quickWindow.swift */ = {isa = PBXFileReference; lastKnownFileType = sourcecode.swift; path = quickWindow.swift; sourceTree = "<group>"; };
		12870EB52A249FD00049B804 /* LicenseManager.swift */ = {isa = PBXFileReference; lastKnownFileType = sourcecode.swift; path = LicenseManager.swift; sourceTree = "<group>"; };
		4700D4382992737F00A5D8D8 /* utils.swift */ = {isa = PBXFileReference; fileEncoding = 4; lastKnownFileType = sourcecode.swift; path = utils.swift; sourceTree = "<group>"; };
		470C5760295F062E00B0DC3E /* windy.app */ = {isa = PBXFileReference; explicitFileType = wrapper.application; includeInIndex = 0; path = windy.app; sourceTree = BUILT_PRODUCTS_DIR; };
		470C5763295F062E00B0DC3E /* windyApp.swift */ = {isa = PBXFileReference; lastKnownFileType = sourcecode.swift; path = windyApp.swift; sourceTree = "<group>"; };
		470C5767295F062F00B0DC3E /* Assets.xcassets */ = {isa = PBXFileReference; lastKnownFileType = folder.assetcatalog; path = Assets.xcassets; sourceTree = "<group>"; };
		470C576A295F062F00B0DC3E /* Preview Assets.xcassets */ = {isa = PBXFileReference; lastKnownFileType = folder.assetcatalog; path = "Preview Assets.xcassets"; sourceTree = "<group>"; };
		470C5771295F062F00B0DC3E /* windy.entitlements */ = {isa = PBXFileReference; lastKnownFileType = text.plist.entitlements; path = windy.entitlements; sourceTree = "<group>"; };
		470C5776295F062F00B0DC3E /* windyTests.xctest */ = {isa = PBXFileReference; explicitFileType = wrapper.cfbundle; includeInIndex = 0; path = windyTests.xctest; sourceTree = BUILT_PRODUCTS_DIR; };
		470C577A295F062F00B0DC3E /* windyTests.swift */ = {isa = PBXFileReference; lastKnownFileType = sourcecode.swift; path = windyTests.swift; sourceTree = "<group>"; };
		470C5780295F062F00B0DC3E /* windyUITests.xctest */ = {isa = PBXFileReference; explicitFileType = wrapper.cfbundle; includeInIndex = 0; path = windyUITests.xctest; sourceTree = BUILT_PRODUCTS_DIR; };
		470C5784295F062F00B0DC3E /* windyUITests.swift */ = {isa = PBXFileReference; lastKnownFileType = sourcecode.swift; path = windyUITests.swift; sourceTree = "<group>"; };
		470C5786295F062F00B0DC3E /* windyUITestsLaunchTests.swift */ = {isa = PBXFileReference; lastKnownFileType = sourcecode.swift; path = windyUITestsLaunchTests.swift; sourceTree = "<group>"; };
		470C57B0296199D000B0DC3E /* windy-Bridging-Header.h */ = {isa = PBXFileReference; lastKnownFileType = sourcecode.c.h; path = "windy-Bridging-Header.h"; sourceTree = "<group>"; };
		470C57B129642E6100B0DC3E /* windyWindow.swift */ = {isa = PBXFileReference; lastKnownFileType = sourcecode.swift; path = windyWindow.swift; sourceTree = "<group>"; };
		47165E2D298416C900BCB775 /* windyData.swift */ = {isa = PBXFileReference; lastKnownFileType = sourcecode.swift; path = windyData.swift; sourceTree = "<group>"; };
		4732C0B9297DAFA700DB1C5B /* snapWindow.swift */ = {isa = PBXFileReference; fileEncoding = 4; lastKnownFileType = sourcecode.swift; path = snapWindow.swift; sourceTree = "<group>"; };
		47458FF62982FD60005B024B /* gridManager.swift */ = {isa = PBXFileReference; lastKnownFileType = sourcecode.swift; path = gridManager.swift; sourceTree = "<group>"; };
		4745BC1829B898A800FFBCD0 /* KeyboardShortcutsConstants.swift */ = {isa = PBXFileReference; lastKnownFileType = sourcecode.swift; path = KeyboardShortcutsConstants.swift; sourceTree = "<group>"; };
		475590D0296C6EF200E385F5 /* windyManager.swift */ = {isa = PBXFileReference; lastKnownFileType = sourcecode.swift; path = windyManager.swift; sourceTree = "<group>"; };
		475590D2296C6F8300E385F5 /* privilegeManager.swift */ = {isa = PBXFileReference; lastKnownFileType = sourcecode.swift; path = privilegeManager.swift; sourceTree = "<group>"; };
		47DEEBD5297456D300123E66 /* MenuPopover.swift */ = {isa = PBXFileReference; lastKnownFileType = sourcecode.swift; path = MenuPopover.swift; sourceTree = "<group>"; };
/* End PBXFileReference section */

/* Begin PBXFrameworksBuildPhase section */
		470C575D295F062E00B0DC3E /* Frameworks */ = {
			isa = PBXFrameworksBuildPhase;
			buildActionMask = 2147483647;
			files = (
				473F1E8E29BCA05D000B678B /* LaunchAtLogin in Frameworks */,
				4745BC1729B8988900FFBCD0 /* KeyboardShortcuts in Frameworks */,
			);
			runOnlyForDeploymentPostprocessing = 0;
		};
		470C5773295F062F00B0DC3E /* Frameworks */ = {
			isa = PBXFrameworksBuildPhase;
			buildActionMask = 2147483647;
			files = (
			);
			runOnlyForDeploymentPostprocessing = 0;
		};
		470C577D295F062F00B0DC3E /* Frameworks */ = {
			isa = PBXFrameworksBuildPhase;
			buildActionMask = 2147483647;
			files = (
			);
			runOnlyForDeploymentPostprocessing = 0;
		};
/* End PBXFrameworksBuildPhase section */

/* Begin PBXGroup section */
		470C5757295F062E00B0DC3E = {
			isa = PBXGroup;
			children = (
				470C5762295F062E00B0DC3E /* windy */,
				470C5779295F062F00B0DC3E /* windyTests */,
				470C5783295F062F00B0DC3E /* windyUITests */,
				470C5761295F062E00B0DC3E /* Products */,
			);
			sourceTree = "<group>";
		};
		470C5761295F062E00B0DC3E /* Products */ = {
			isa = PBXGroup;
			children = (
				470C5760295F062E00B0DC3E /* windy.app */,
				470C5776295F062F00B0DC3E /* windyTests.xctest */,
				470C5780295F062F00B0DC3E /* windyUITests.xctest */,
			);
			name = Products;
			sourceTree = "<group>";
		};
		470C5762295F062E00B0DC3E /* windy */ = {
			isa = PBXGroup;
			children = (
				4745BC1829B898A800FFBCD0 /* KeyboardShortcutsConstants.swift */,
				470C57B0296199D000B0DC3E /* windy-Bridging-Header.h */,
				4700D4382992737F00A5D8D8 /* utils.swift */,
				470C5763295F062E00B0DC3E /* windyApp.swift */,
				47165E2D298416C900BCB775 /* windyData.swift */,
				475590D0296C6EF200E385F5 /* windyManager.swift */,
				12870EB52A249FD00049B804 /* LicenseManager.swift */,
				4732C0B9297DAFA700DB1C5B /* snapWindow.swift */,
				120446B729E4865D00253216 /* quickWindow.swift */,
				470C57B129642E6100B0DC3E /* windyWindow.swift */,
				47458FF62982FD60005B024B /* gridManager.swift */,
				475590D2296C6F8300E385F5 /* privilegeManager.swift */,
				47DEEBD5297456D300123E66 /* MenuPopover.swift */,
				470C5767295F062F00B0DC3E /* Assets.xcassets */,
				470C5771295F062F00B0DC3E /* windy.entitlements */,
				470C5769295F062F00B0DC3E /* Preview Content */,
			);
			path = windy;
			sourceTree = "<group>";
		};
		470C5769295F062F00B0DC3E /* Preview Content */ = {
			isa = PBXGroup;
			children = (
				470C576A295F062F00B0DC3E /* Preview Assets.xcassets */,
			);
			path = "Preview Content";
			sourceTree = "<group>";
		};
		470C5779295F062F00B0DC3E /* windyTests */ = {
			isa = PBXGroup;
			children = (
				470C577A295F062F00B0DC3E /* windyTests.swift */,
			);
			path = windyTests;
			sourceTree = "<group>";
		};
		470C5783295F062F00B0DC3E /* windyUITests */ = {
			isa = PBXGroup;
			children = (
				470C5784295F062F00B0DC3E /* windyUITests.swift */,
				470C5786295F062F00B0DC3E /* windyUITestsLaunchTests.swift */,
			);
			path = windyUITests;
			sourceTree = "<group>";
		};
/* End PBXGroup section */

/* Begin PBXNativeTarget section */
		470C575F295F062E00B0DC3E /* windy */ = {
			isa = PBXNativeTarget;
			buildConfigurationList = 470C578A295F062F00B0DC3E /* Build configuration list for PBXNativeTarget "windy" */;
			buildPhases = (
				470C575C295F062E00B0DC3E /* Sources */,
				470C575D295F062E00B0DC3E /* Frameworks */,
				470C575E295F062E00B0DC3E /* Resources */,
			);
			buildRules = (
			);
			dependencies = (
			);
			name = windy;
			packageProductDependencies = (
				4745BC1629B8988900FFBCD0 /* KeyboardShortcuts */,
				473F1E8D29BCA05D000B678B /* LaunchAtLogin */,
			);
			productName = windy;
			productReference = 470C5760295F062E00B0DC3E /* windy.app */;
			productType = "com.apple.product-type.application";
		};
		470C5775295F062F00B0DC3E /* windyTests */ = {
			isa = PBXNativeTarget;
			buildConfigurationList = 470C578D295F062F00B0DC3E /* Build configuration list for PBXNativeTarget "windyTests" */;
			buildPhases = (
				470C5772295F062F00B0DC3E /* Sources */,
				470C5773295F062F00B0DC3E /* Frameworks */,
				470C5774295F062F00B0DC3E /* Resources */,
			);
			buildRules = (
			);
			dependencies = (
				470C5778295F062F00B0DC3E /* PBXTargetDependency */,
			);
			name = windyTests;
			productName = windyTests;
			productReference = 470C5776295F062F00B0DC3E /* windyTests.xctest */;
			productType = "com.apple.product-type.bundle.unit-test";
		};
		470C577F295F062F00B0DC3E /* windyUITests */ = {
			isa = PBXNativeTarget;
			buildConfigurationList = 470C5790295F062F00B0DC3E /* Build configuration list for PBXNativeTarget "windyUITests" */;
			buildPhases = (
				470C577C295F062F00B0DC3E /* Sources */,
				470C577D295F062F00B0DC3E /* Frameworks */,
				470C577E295F062F00B0DC3E /* Resources */,
			);
			buildRules = (
			);
			dependencies = (
				470C5782295F062F00B0DC3E /* PBXTargetDependency */,
			);
			name = windyUITests;
			productName = windyUITests;
			productReference = 470C5780295F062F00B0DC3E /* windyUITests.xctest */;
			productType = "com.apple.product-type.bundle.ui-testing";
		};
/* End PBXNativeTarget section */

/* Begin PBXProject section */
		470C5758295F062E00B0DC3E /* Project object */ = {
			isa = PBXProject;
			attributes = {
				BuildIndependentTargetsInParallel = 1;
				LastSwiftUpdateCheck = 1420;
				LastUpgradeCheck = 1620;
				TargetAttributes = {
					470C575F295F062E00B0DC3E = {
						CreatedOnToolsVersion = 14.2;
					};
					470C5775295F062F00B0DC3E = {
						CreatedOnToolsVersion = 14.2;
						TestTargetID = 470C575F295F062E00B0DC3E;
					};
					470C577F295F062F00B0DC3E = {
						CreatedOnToolsVersion = 14.2;
						TestTargetID = 470C575F295F062E00B0DC3E;
					};
				};
			};
			buildConfigurationList = 470C575B295F062E00B0DC3E /* Build configuration list for PBXProject "windy" */;
			compatibilityVersion = "Xcode 14.0";
			developmentRegion = en;
			hasScannedForEncodings = 0;
			knownRegions = (
				en,
				Base,
			);
			mainGroup = 470C5757295F062E00B0DC3E;
			packageReferences = (
				4745BC1529B8988900FFBCD0 /* XCRemoteSwiftPackageReference "KeyboardShortcuts" */,
				473F1E8C29BCA05D000B678B /* XCRemoteSwiftPackageReference "LaunchAtLogin" */,
			);
			productRefGroup = 470C5761295F062E00B0DC3E /* Products */;
			projectDirPath = "";
			projectRoot = "";
			targets = (
				470C575F295F062E00B0DC3E /* windy */,
				470C5775295F062F00B0DC3E /* windyTests */,
				470C577F295F062F00B0DC3E /* windyUITests */,
			);
		};
/* End PBXProject section */

/* Begin PBXResourcesBuildPhase section */
		470C575E295F062E00B0DC3E /* Resources */ = {
			isa = PBXResourcesBuildPhase;
			buildActionMask = 2147483647;
			files = (
				470C576B295F062F00B0DC3E /* Preview Assets.xcassets in Resources */,
				470C5768295F062F00B0DC3E /* Assets.xcassets in Resources */,
			);
			runOnlyForDeploymentPostprocessing = 0;
		};
		470C5774295F062F00B0DC3E /* Resources */ = {
			isa = PBXResourcesBuildPhase;
			buildActionMask = 2147483647;
			files = (
			);
			runOnlyForDeploymentPostprocessing = 0;
		};
		470C577E295F062F00B0DC3E /* Resources */ = {
			isa = PBXResourcesBuildPhase;
			buildActionMask = 2147483647;
			files = (
			);
			runOnlyForDeploymentPostprocessing = 0;
		};
/* End PBXResourcesBuildPhase section */

/* Begin PBXSourcesBuildPhase section */
		470C575C295F062E00B0DC3E /* Sources */ = {
			isa = PBXSourcesBuildPhase;
			buildActionMask = 2147483647;
			files = (
				475590D3296C6F8300E385F5 /* privilegeManager.swift in Sources */,
				12870EB62A249FD00049B804 /* LicenseManager.swift in Sources */,
				47165E2E298416C900BCB775 /* windyData.swift in Sources */,
				120446B829E4865D00253216 /* quickWindow.swift in Sources */,
				475590D1296C6EF200E385F5 /* windyManager.swift in Sources */,
				470C5764295F062E00B0DC3E /* windyApp.swift in Sources */,
				47DEEBD6297456D300123E66 /* MenuPopover.swift in Sources */,
				4745BC1929B898A800FFBCD0 /* KeyboardShortcutsConstants.swift in Sources */,
				47458FF72982FD60005B024B /* gridManager.swift in Sources */,
				4732C0BA297DAFA700DB1C5B /* snapWindow.swift in Sources */,
				4700D4392992737F00A5D8D8 /* utils.swift in Sources */,
				470C57B229642E6100B0DC3E /* windyWindow.swift in Sources */,
			);
			runOnlyForDeploymentPostprocessing = 0;
		};
		470C5772295F062F00B0DC3E /* Sources */ = {
			isa = PBXSourcesBuildPhase;
			buildActionMask = 2147483647;
			files = (
				470C577B295F062F00B0DC3E /* windyTests.swift in Sources */,
			);
			runOnlyForDeploymentPostprocessing = 0;
		};
		470C577C295F062F00B0DC3E /* Sources */ = {
			isa = PBXSourcesBuildPhase;
			buildActionMask = 2147483647;
			files = (
				470C5787295F062F00B0DC3E /* windyUITestsLaunchTests.swift in Sources */,
				470C5785295F062F00B0DC3E /* windyUITests.swift in Sources */,
			);
			runOnlyForDeploymentPostprocessing = 0;
		};
/* End PBXSourcesBuildPhase section */

/* Begin PBXTargetDependency section */
		470C5778295F062F00B0DC3E /* PBXTargetDependency */ = {
			isa = PBXTargetDependency;
			target = 470C575F295F062E00B0DC3E /* windy */;
			targetProxy = 470C5777295F062F00B0DC3E /* PBXContainerItemProxy */;
		};
		470C5782295F062F00B0DC3E /* PBXTargetDependency */ = {
			isa = PBXTargetDependency;
			target = 470C575F295F062E00B0DC3E /* windy */;
			targetProxy = 470C5781295F062F00B0DC3E /* PBXContainerItemProxy */;
		};
/* End PBXTargetDependency section */

/* Begin XCBuildConfiguration section */
		470C5788295F062F00B0DC3E /* Debug */ = {
			isa = XCBuildConfiguration;
			buildSettings = {
				ALWAYS_SEARCH_USER_PATHS = NO;
				CLANG_ANALYZER_NONNULL = YES;
				CLANG_ANALYZER_NUMBER_OBJECT_CONVERSION = YES_AGGRESSIVE;
				CLANG_CXX_LANGUAGE_STANDARD = "gnu++20";
				CLANG_ENABLE_MODULES = YES;
				CLANG_ENABLE_OBJC_ARC = YES;
				CLANG_ENABLE_OBJC_WEAK = YES;
				CLANG_WARN_BLOCK_CAPTURE_AUTORELEASING = YES;
				CLANG_WARN_BOOL_CONVERSION = YES;
				CLANG_WARN_COMMA = YES;
				CLANG_WARN_CONSTANT_CONVERSION = YES;
				CLANG_WARN_DEPRECATED_OBJC_IMPLEMENTATIONS = YES;
				CLANG_WARN_DIRECT_OBJC_ISA_USAGE = YES_ERROR;
				CLANG_WARN_DOCUMENTATION_COMMENTS = YES;
				CLANG_WARN_EMPTY_BODY = YES;
				CLANG_WARN_ENUM_CONVERSION = YES;
				CLANG_WARN_INFINITE_RECURSION = YES;
				CLANG_WARN_INT_CONVERSION = YES;
				CLANG_WARN_NON_LITERAL_NULL_CONVERSION = YES;
				CLANG_WARN_OBJC_IMPLICIT_RETAIN_SELF = YES;
				CLANG_WARN_OBJC_LITERAL_CONVERSION = YES;
				CLANG_WARN_OBJC_ROOT_CLASS = YES_ERROR;
				CLANG_WARN_QUOTED_INCLUDE_IN_FRAMEWORK_HEADER = YES;
				CLANG_WARN_RANGE_LOOP_ANALYSIS = YES;
				CLANG_WARN_STRICT_PROTOTYPES = YES;
				CLANG_WARN_SUSPICIOUS_MOVE = YES;
				CLANG_WARN_UNGUARDED_AVAILABILITY = YES_AGGRESSIVE;
				CLANG_WARN_UNREACHABLE_CODE = YES;
				CLANG_WARN__DUPLICATE_METHOD_MATCH = YES;
				COPY_PHASE_STRIP = NO;
				DEAD_CODE_STRIPPING = YES;
				DEBUG_INFORMATION_FORMAT = dwarf;
				ENABLE_STRICT_OBJC_MSGSEND = YES;
				ENABLE_TESTABILITY = YES;
				ENABLE_USER_SCRIPT_SANDBOXING = YES;
				GCC_C_LANGUAGE_STANDARD = gnu11;
				GCC_DYNAMIC_NO_PIC = NO;
				GCC_NO_COMMON_BLOCKS = YES;
				GCC_OPTIMIZATION_LEVEL = 0;
				GCC_PREPROCESSOR_DEFINITIONS = (
					"DEBUG=1",
					"$(inherited)",
				);
				GCC_WARN_64_TO_32_BIT_CONVERSION = YES;
				GCC_WARN_ABOUT_RETURN_TYPE = YES_ERROR;
				GCC_WARN_UNDECLARED_SELECTOR = YES;
				GCC_WARN_UNINITIALIZED_AUTOS = YES_AGGRESSIVE;
				GCC_WARN_UNUSED_FUNCTION = YES;
				GCC_WARN_UNUSED_VARIABLE = YES;
				MACOSX_DEPLOYMENT_TARGET = 13.1;
				MTL_ENABLE_DEBUG_INFO = INCLUDE_SOURCE;
				MTL_FAST_MATH = YES;
				ONLY_ACTIVE_ARCH = YES;
				SDKROOT = macosx;
				SWIFT_ACTIVE_COMPILATION_CONDITIONS = DEBUG;
				SWIFT_OPTIMIZATION_LEVEL = "-Onone";
			};
			name = Debug;
		};
		470C5789295F062F00B0DC3E /* Release */ = {
			isa = XCBuildConfiguration;
			buildSettings = {
				ALWAYS_SEARCH_USER_PATHS = NO;
				CLANG_ANALYZER_NONNULL = YES;
				CLANG_ANALYZER_NUMBER_OBJECT_CONVERSION = YES_AGGRESSIVE;
				CLANG_CXX_LANGUAGE_STANDARD = "gnu++20";
				CLANG_ENABLE_MODULES = YES;
				CLANG_ENABLE_OBJC_ARC = YES;
				CLANG_ENABLE_OBJC_WEAK = YES;
				CLANG_WARN_BLOCK_CAPTURE_AUTORELEASING = YES;
				CLANG_WARN_BOOL_CONVERSION = YES;
				CLANG_WARN_COMMA = YES;
				CLANG_WARN_CONSTANT_CONVERSION = YES;
				CLANG_WARN_DEPRECATED_OBJC_IMPLEMENTATIONS = YES;
				CLANG_WARN_DIRECT_OBJC_ISA_USAGE = YES_ERROR;
				CLANG_WARN_DOCUMENTATION_COMMENTS = YES;
				CLANG_WARN_EMPTY_BODY = YES;
				CLANG_WARN_ENUM_CONVERSION = YES;
				CLANG_WARN_INFINITE_RECURSION = YES;
				CLANG_WARN_INT_CONVERSION = YES;
				CLANG_WARN_NON_LITERAL_NULL_CONVERSION = YES;
				CLANG_WARN_OBJC_IMPLICIT_RETAIN_SELF = YES;
				CLANG_WARN_OBJC_LITERAL_CONVERSION = YES;
				CLANG_WARN_OBJC_ROOT_CLASS = YES_ERROR;
				CLANG_WARN_QUOTED_INCLUDE_IN_FRAMEWORK_HEADER = YES;
				CLANG_WARN_RANGE_LOOP_ANALYSIS = YES;
				CLANG_WARN_STRICT_PROTOTYPES = YES;
				CLANG_WARN_SUSPICIOUS_MOVE = YES;
				CLANG_WARN_UNGUARDED_AVAILABILITY = YES_AGGRESSIVE;
				CLANG_WARN_UNREACHABLE_CODE = YES;
				CLANG_WARN__DUPLICATE_METHOD_MATCH = YES;
				COPY_PHASE_STRIP = NO;
				DEAD_CODE_STRIPPING = YES;
				DEBUG_INFORMATION_FORMAT = "dwarf-with-dsym";
				ENABLE_NS_ASSERTIONS = NO;
				ENABLE_STRICT_OBJC_MSGSEND = YES;
				ENABLE_USER_SCRIPT_SANDBOXING = YES;
				GCC_C_LANGUAGE_STANDARD = gnu11;
				GCC_NO_COMMON_BLOCKS = YES;
				GCC_WARN_64_TO_32_BIT_CONVERSION = YES;
				GCC_WARN_ABOUT_RETURN_TYPE = YES_ERROR;
				GCC_WARN_UNDECLARED_SELECTOR = YES;
				GCC_WARN_UNINITIALIZED_AUTOS = YES_AGGRESSIVE;
				GCC_WARN_UNUSED_FUNCTION = YES;
				GCC_WARN_UNUSED_VARIABLE = YES;
				MACOSX_DEPLOYMENT_TARGET = 13.1;
				MTL_ENABLE_DEBUG_INFO = NO;
				MTL_FAST_MATH = YES;
				SDKROOT = macosx;
				SWIFT_COMPILATION_MODE = wholemodule;
				SWIFT_OPTIMIZATION_LEVEL = "-O";
				"SWIFT_OPTIMIZATION_LEVEL[arch=*]" = "-O";
			};
			name = Release;
		};
		470C578B295F062F00B0DC3E /* Debug */ = {
			isa = XCBuildConfiguration;
			buildSettings = {
				ASSETCATALOG_COMPILER_APPICON_NAME = AppIcon;
				ASSETCATALOG_COMPILER_GLOBAL_ACCENT_COLOR_NAME = AccentColor;
				ASSETCATALOG_COMPILER_INCLUDE_ALL_APPICON_ASSETS = YES;
				CODE_SIGN_ENTITLEMENTS = windy/windy.entitlements;
				"CODE_SIGN_IDENTITY[sdk=macosx*]" = "Apple Development";
				CODE_SIGN_STYLE = Automatic;
				COMBINE_HIDPI_IMAGES = YES;
				CURRENT_PROJECT_VERSION = 1;
				DEAD_CODE_STRIPPING = YES;
				DEVELOPMENT_ASSET_PATHS = "\"windy/Preview Content\"";
				DEVELOPMENT_TEAM = 3QX8AT4S7W;
				ENABLE_HARDENED_RUNTIME = YES;
				ENABLE_PREVIEWS = YES;
				GENERATE_INFOPLIST_FILE = YES;
				INFOPLIST_KEY_CFBundleDisplayName = "Windy Window manager";
				INFOPLIST_KEY_LSApplicationCategoryType = "public.app-category.productivity";
				INFOPLIST_KEY_LSUIElement = YES;
				INFOPLIST_KEY_NSHumanReadableCopyright = "";
				LD_DYLIB_ALLOWABLE_CLIENTS = "";
				LD_RUNPATH_SEARCH_PATHS = (
					"$(inherited)",
					"@executable_path/../Frameworks",
				);
				MACOSX_DEPLOYMENT_TARGET = 13.0;
				MARKETING_VERSION = 1.0;
				OTHER_LDFLAGS = "-Objc";
				PRODUCT_BUNDLE_IDENTIFIER = zug.dev.windy;
				PRODUCT_NAME = "$(TARGET_NAME)";
				SWIFT_EMIT_LOC_STRINGS = YES;
				SWIFT_OBJC_BRIDGING_HEADER = "windy/windy-Bridging-Header.h";
				SWIFT_VERSION = 5.0;
			};
			name = Debug;
		};
		470C578C295F062F00B0DC3E /* Release */ = {
			isa = XCBuildConfiguration;
			buildSettings = {
				ASSETCATALOG_COMPILER_APPICON_NAME = AppIcon;
				ASSETCATALOG_COMPILER_GLOBAL_ACCENT_COLOR_NAME = AccentColor;
				ASSETCATALOG_COMPILER_INCLUDE_ALL_APPICON_ASSETS = YES;
				CODE_SIGN_ENTITLEMENTS = windy/windy.entitlements;
				"CODE_SIGN_IDENTITY[sdk=macosx*]" = "Apple Development";
				CODE_SIGN_STYLE = Automatic;
				COMBINE_HIDPI_IMAGES = YES;
				CURRENT_PROJECT_VERSION = 1;
				DEAD_CODE_STRIPPING = YES;
				DEVELOPMENT_ASSET_PATHS = "\"windy/Preview Content\"";
				DEVELOPMENT_TEAM = 3QX8AT4S7W;
				ENABLE_HARDENED_RUNTIME = YES;
				ENABLE_PREVIEWS = YES;
				GENERATE_INFOPLIST_FILE = YES;
				INFOPLIST_KEY_CFBundleDisplayName = "Windy Window manager";
				INFOPLIST_KEY_LSApplicationCategoryType = "public.app-category.productivity";
				INFOPLIST_KEY_LSUIElement = YES;
				INFOPLIST_KEY_NSHumanReadableCopyright = "";
				LD_DYLIB_ALLOWABLE_CLIENTS = "";
				LD_RUNPATH_SEARCH_PATHS = (
					"$(inherited)",
					"@executable_path/../Frameworks",
				);
				MACOSX_DEPLOYMENT_TARGET = 13.0;
				MARKETING_VERSION = 1.0;
				OTHER_LDFLAGS = "-Objc";
				PRODUCT_BUNDLE_IDENTIFIER = zug.dev.windy;
				PRODUCT_NAME = "$(TARGET_NAME)";
				SWIFT_EMIT_LOC_STRINGS = YES;
				SWIFT_OBJC_BRIDGING_HEADER = "windy/windy-Bridging-Header.h";
				SWIFT_VERSION = 5.0;
			};
			name = Release;
		};
		470C578E295F062F00B0DC3E /* Debug */ = {
			isa = XCBuildConfiguration;
			buildSettings = {
				BUNDLE_LOADER = "$(TEST_HOST)";
				CODE_SIGN_STYLE = Automatic;
				CURRENT_PROJECT_VERSION = 1;
				DEAD_CODE_STRIPPING = YES;
				GENERATE_INFOPLIST_FILE = YES;
				MACOSX_DEPLOYMENT_TARGET = 13.1;
				MARKETING_VERSION = 1.0;
				PRODUCT_BUNDLE_IDENTIFIER = zug.dev.windyTests;
				PRODUCT_NAME = "$(TARGET_NAME)";
				SWIFT_EMIT_LOC_STRINGS = NO;
				SWIFT_VERSION = 5.0;
				TEST_HOST = "$(BUILT_PRODUCTS_DIR)/windy.app/$(BUNDLE_EXECUTABLE_FOLDER_PATH)/windy";
			};
			name = Debug;
		};
		470C578F295F062F00B0DC3E /* Release */ = {
			isa = XCBuildConfiguration;
			buildSettings = {
				BUNDLE_LOADER = "$(TEST_HOST)";
				CODE_SIGN_STYLE = Automatic;
				CURRENT_PROJECT_VERSION = 1;
				DEAD_CODE_STRIPPING = YES;
				GENERATE_INFOPLIST_FILE = YES;
				MACOSX_DEPLOYMENT_TARGET = 13.1;
				MARKETING_VERSION = 1.0;
				PRODUCT_BUNDLE_IDENTIFIER = zug.dev.windyTests;
				PRODUCT_NAME = "$(TARGET_NAME)";
				SWIFT_EMIT_LOC_STRINGS = NO;
				SWIFT_VERSION = 5.0;
				TEST_HOST = "$(BUILT_PRODUCTS_DIR)/windy.app/$(BUNDLE_EXECUTABLE_FOLDER_PATH)/windy";
			};
			name = Release;
		};
		470C5791295F062F00B0DC3E /* Debug */ = {
			isa = XCBuildConfiguration;
			buildSettings = {
				CODE_SIGN_STYLE = Automatic;
				CURRENT_PROJECT_VERSION = 1;
				DEAD_CODE_STRIPPING = YES;
				GENERATE_INFOPLIST_FILE = YES;
				MARKETING_VERSION = 1.0;
				PRODUCT_BUNDLE_IDENTIFIER = zug.dev.windyUITests;
				PRODUCT_NAME = "$(TARGET_NAME)";
				SWIFT_EMIT_LOC_STRINGS = NO;
				SWIFT_VERSION = 5.0;
				TEST_TARGET_NAME = windy;
			};
			name = Debug;
		};
		470C5792295F062F00B0DC3E /* Release */ = {
			isa = XCBuildConfiguration;
			buildSettings = {
				CODE_SIGN_STYLE = Automatic;
				CURRENT_PROJECT_VERSION = 1;
				DEAD_CODE_STRIPPING = YES;
				GENERATE_INFOPLIST_FILE = YES;
				MARKETING_VERSION = 1.0;
				PRODUCT_BUNDLE_IDENTIFIER = zug.dev.windyUITests;
				PRODUCT_NAME = "$(TARGET_NAME)";
				SWIFT_EMIT_LOC_STRINGS = NO;
				SWIFT_VERSION = 5.0;
				TEST_TARGET_NAME = windy;
			};
			name = Release;
		};
/* End XCBuildConfiguration section */

/* Begin XCConfigurationList section */
		470C575B295F062E00B0DC3E /* Build configuration list for PBXProject "windy" */ = {
			isa = XCConfigurationList;
			buildConfigurations = (
				470C5788295F062F00B0DC3E /* Debug */,
				470C5789295F062F00B0DC3E /* Release */,
			);
			defaultConfigurationIsVisible = 0;
			defaultConfigurationName = Release;
		};
		470C578A295F062F00B0DC3E /* Build configuration list for PBXNativeTarget "windy" */ = {
			isa = XCConfigurationList;
			buildConfigurations = (
				470C578B295F062F00B0DC3E /* Debug */,
				470C578C295F062F00B0DC3E /* Release */,
			);
			defaultConfigurationIsVisible = 0;
			defaultConfigurationName = Release;
		};
		470C578D295F062F00B0DC3E /* Build configuration list for PBXNativeTarget "windyTests" */ = {
			isa = XCConfigurationList;
			buildConfigurations = (
				470C578E295F062F00B0DC3E /* Debug */,
				470C578F295F062F00B0DC3E /* Release */,
			);
			defaultConfigurationIsVisible = 0;
			defaultConfigurationName = Release;
		};
		470C5790295F062F00B0DC3E /* Build configuration list for PBXNativeTarget "windyUITests" */ = {
			isa = XCConfigurationList;
			buildConfigurations = (
				470C5791295F062F00B0DC3E /* Debug */,
				470C5792295F062F00B0DC3E /* Release */,
			);
			defaultConfigurationIsVisible = 0;
			defaultConfigurationName = Release;
		};
/* End XCConfigurationList section */

/* Begin XCRemoteSwiftPackageReference section */
		473F1E8C29BCA05D000B678B /* XCRemoteSwiftPackageReference "LaunchAtLogin" */ = {
			isa = XCRemoteSwiftPackageReference;
			repositoryURL = "https://github.com/sindresorhus/LaunchAtLogin";
			requirement = {
				branch = main;
				kind = branch;
			};
		};
		4745BC1529B8988900FFBCD0 /* XCRemoteSwiftPackageReference "KeyboardShortcuts" */ = {
			isa = XCRemoteSwiftPackageReference;
			repositoryURL = "https://github.com/sindresorhus/KeyboardShortcuts";
			requirement = {
				branch = main;
				kind = branch;
			};
		};
/* End XCRemoteSwiftPackageReference section */

/* Begin XCSwiftPackageProductDependency section */
		473F1E8D29BCA05D000B678B /* LaunchAtLogin */ = {
			isa = XCSwiftPackageProductDependency;
			package = 473F1E8C29BCA05D000B678B /* XCRemoteSwiftPackageReference "LaunchAtLogin" */;
			productName = LaunchAtLogin;
		};
		4745BC1629B8988900FFBCD0 /* KeyboardShortcuts */ = {
			isa = XCSwiftPackageProductDependency;
			package = 4745BC1529B8988900FFBCD0 /* XCRemoteSwiftPackageReference "KeyboardShortcuts" */;
			productName = KeyboardShortcuts;
		};
/* End XCSwiftPackageProductDependency section */
	};
	rootObject = 470C5758295F062E00B0DC3E /* Project object */;
}
